
Microsoft Visual Studio Solution File, Format Version 12.00
Project("{FAE04EC0-301F-11D3-BF4B-00C04F79EFBC}") = "Service", "Service\Service.csproj", "{915D5F29-03CC-4461-BDB2-FFFBA5A52406}"
EndProject
Project("{2150E333-8FDC-42A3-9474-1A3956D46DE8}") = "Solution Items", "Solution Items", "{B1673753-C0BA-42A9-AFBF-AB79FDAD7B3F}"
	ProjectSection(SolutionItems) = preProject
		compose.yaml = compose.yaml
	EndProjectSection
EndProject
Global
	GlobalSection(SolutionConfigurationPlatforms) = preSolution
		Debug|Any CPU = Debug|Any CPU
		Release|Any CPU = Release|Any CPU
	EndGlobalSection
	GlobalSection(ProjectConfigurationPlatforms) = postSolution
		{915D5F29-03CC-4461-BDB2-FFFBA5A52406}.Debug|Any CPU.ActiveCfg = Debug|Any CPU
		{915D5F29-03CC-4461-BDB2-FFFBA5A52406}.Debug|Any CPU.Build.0 = Debug|Any CPU
		{915D5F29-03CC-4461-BDB2-FFFBA5A52406}.Release|Any CPU.ActiveCfg = Release|Any CPU
		{915D5F29-03CC-4461-BDB2-FFFBA5A52406}.Release|Any CPU.Build.0 = Release|Any CPU
	EndGlobalSection
EndGlobal